
Microsoft Visual Studio Solution File, Format Version 12.00
# Visual Studio Version 16
VisualStudioVersion = 16.0.29306.81
MinimumVisualStudioVersion = 10.0.40219.1
Project("{888888A0-9F3D-457C-B088-3A5042F75D52}") = "assignment4080_Pele", "assignment4080_Pele\assignment4080_Pele.pyproj", "{FD2FC3DD-59D3-4989-BE1A-FA83A624BC32}"
EndProject
Global
	GlobalSection(SolutionConfigurationPlatforms) = preSolution
		Debug|Any CPU = Debug|Any CPU
		Release|Any CPU = Release|Any CPU
	EndGlobalSection
	GlobalSection(ProjectConfigurationPlatforms) = postSolution
		{FD2FC3DD-59D3-4989-BE1A-FA83A624BC32}.Debug|Any CPU.ActiveCfg = Debug|Any CPU
		{FD2FC3DD-59D3-4989-BE1A-FA83A624BC32}.Debug|Any CPU.Build.0 = Debug|Any CPU
		{FD2FC3DD-59D3-4989-BE1A-FA83A624BC32}.Release|Any CPU.ActiveCfg = Release|Any CPU
		{FD2FC3DD-59D3-4989-BE1A-FA83A624BC32}.Release|Any CPU.Build.0 = Release|Any CPU
	EndGlobalSection
	GlobalSection(SolutionProperties) = preSolution
		HideSolutionNode = FALSE
	EndGlobalSection
	GlobalSection(ExtensibilityGlobals) = postSolution
		SolutionGuid = {D35F8C01-BE40-49CA-A3F4-AEF8A92F75D6}
	EndGlobalSection
EndGlobal
